
Microsoft Visual Studio Solution File, Format Version 12.00
# Visual Studio 15
VisualStudioVersion = 15.0.28307.1145
MinimumVisualStudioVersion = 10.0.40219.1
Project("{FAE04EC0-301F-11D3-BF4B-00C04F79EFBC}") = "SekilOdevi", "SekilOdevi\SekilOdevi.csproj", "{62A43638-7CED-46BD-80AD-6E0313B278C9}"
EndProject
Global
	GlobalSection(SolutionConfigurationPlatforms) = preSolution
		Debug|Any CPU = Debug|Any CPU
		Release|Any CPU = Release|Any CPU
	EndGlobalSection
	GlobalSection(ProjectConfigurationPlatforms) = postSolution
		{62A43638-7CED-46BD-80AD-6E0313B278C9}.Debug|Any CPU.ActiveCfg = Debug|Any CPU
		{62A43638-7CED-46BD-80AD-6E0313B278C9}.Debug|Any CPU.Build.0 = Debug|Any CPU
		{62A43638-7CED-46BD-80AD-6E0313B278C9}.Release|Any CPU.ActiveCfg = Release|Any CPU
		{62A43638-7CED-46BD-80AD-6E0313B278C9}.Release|Any CPU.Build.0 = Release|Any CPU
	EndGlobalSection
	GlobalSection(SolutionProperties) = preSolution
		HideSolutionNode = FALSE
	EndGlobalSection
	GlobalSection(ExtensibilityGlobals) = postSolution
		SolutionGuid = {0D82333C-65A9-4CCF-85E3-F02C97FD6F4D}
	EndGlobalSection
EndGlobal
